
Microsoft Visual Studio Solution File, Format Version 12.00
# Visual Studio Version 17
VisualStudioVersion = 17.5.33424.131
MinimumVisualStudioVersion = 10.0.40219.1
Project("{888888A0-9F3D-457C-B088-3A5042F75D52}") = "PixelColor", "PixelColor.pyproj", "{84BA0DDD-3007-4DF3-AE06-D5033A3EDD6B}"
EndProject
Project("{2150E333-8FDC-42A3-9474-1A3956D46DE8}") = "Projektmappenelemente", "Projektmappenelemente", "{1E3AE992-435F-4ECC-B66C-B68BCCE7599D}"
	ProjectSection(SolutionItems) = preProject
		.gitignore = .gitignore
	EndProjectSection
EndProject
Global
	GlobalSection(SolutionConfigurationPlatforms) = preSolution
		Debug|Any CPU = Debug|Any CPU
		Release|Any CPU = Release|Any CPU
	EndGlobalSection
	GlobalSection(ProjectConfigurationPlatforms) = postSolution
		{84BA0DDD-3007-4DF3-AE06-D5033A3EDD6B}.Debug|Any CPU.ActiveCfg = Debug|Any CPU
		{84BA0DDD-3007-4DF3-AE06-D5033A3EDD6B}.Release|Any CPU.ActiveCfg = Release|Any CPU
	EndGlobalSection
	GlobalSection(SolutionProperties) = preSolution
		HideSolutionNode = FALSE
	EndGlobalSection
	GlobalSection(ExtensibilityGlobals) = postSolution
		SolutionGuid = {36CA630A-F121-4D04-8975-3AF9BA6C55B7}
	EndGlobalSection
EndGlobal
